{
    "easycorp/easyadmin-bundle": {
        "version": "3.0",
        "recipe": {
            "repo": "github.com/symfony/recipes",
            "branch": "master",
            "version": "3.0",
            "ref": "b131e6cbfe1b898a508987851963fff485986285"
        }
    },
    "symfony/polyfill-uuid": {
        "version": "v1.20.0"
    },
    "symfony/twig-pack": {
        "version": "v1.0.1"
    },
    "symfony/uid": {
        "version": "v5.1.8"
    }
}
